<?xml version="1.0"?>
<plist version="1.0">
	<dict>
		<key>archiveVersion</key>
		<string>1</string>
		<key>classes</key>
		<dict />
		<key>objectVersion</key>
		<string>46</string>
		<key>objects</key>
		<dict>
			<key>2D1D7FBC4A994BAA61CC8C7A</key>
			<dict>
				<key>explicitFileType</key>
				<string>sourcecode.c.h</string>
				<key>fileEncoding</key>
				<string>30</string>
				<key>isa</key>
				<string>PBXFileReference</string>
				<key>name</key>
				<string>src\ofxSingleton\UnmanagedSingleton.h</string>
				<key>path</key>
				<string>../../../addons\ofxSingleton/src\ofxSingleton\UnmanagedSingleton.h</string>
				<key>sourceTree</key>
				<string>SOURCE_ROOT</string>
			</dict>
			<key>145FD142AC5435611FA64D21</key>
			<dict>
				<key>fileRef</key>
				<string>CD6E3C500F2941E264D18FB3</string>
				<key>isa</key>
				<string>PBXBuildFile</string>
			</dict>
			<key>CD6E3C500F2941E264D18FB3</key>
			<dict>
				<key>explicitFileType</key>
				<string>sourcecode.cpp.cpp</string>
				<key>fileEncoding</key>
				<string>30</string>
				<key>isa</key>
				<string>PBXFileReference</string>
				<key>name</key>
				<string>src\ofxSingleton\BaseStore.cpp</string>
				<key>path</key>
				<string>../../../addons\ofxSingleton/src\ofxSingleton\BaseStore.cpp</string>
				<key>sourceTree</key>
				<string>SOURCE_ROOT</string>
			</dict>
			<key>5239911F5E23F32F516D620D</key>
			<dict>
				<key>explicitFileType</key>
				<string>sourcecode.c.h</string>
				<key>fileEncoding</key>
				<string>30</string>
				<key>isa</key>
				<string>PBXFileReference</string>
				<key>name</key>
				<string>src\ofxSingleton\Register.h</string>
				<key>path</key>
				<string>../../../addons\ofxSingleton/src\ofxSingleton\Register.h</string>
				<key>sourceTree</key>
				<string>SOURCE_ROOT</string>
			</dict>
			<key>1B6B0743B321E3A84A084841</key>
			<dict>
				<key>explicitFileType</key>
				<string>sourcecode.c.h</string>
				<key>fileEncoding</key>
				<string>30</string>
				<key>isa</key>
				<string>PBXFileReference</string>
				<key>name</key>
				<string>src\ofxSingleton\Singleton.h</string>
				<key>path</key>
				<string>../../../addons\ofxSingleton/src\ofxSingleton\Singleton.h</string>
				<key>sourceTree</key>
				<string>SOURCE_ROOT</string>
			</dict>
			<key>F6503FE7B924C0399F079007</key>
			<dict>
				<key>explicitFileType</key>
				<string>sourcecode.c.h</string>
				<key>fileEncoding</key>
				<string>30</string>
				<key>isa</key>
				<string>PBXFileReference</string>
				<key>name</key>
				<string>src\ofxSingleton\BaseStore.h</string>
				<key>path</key>
				<string>../../../addons\ofxSingleton/src\ofxSingleton\BaseStore.h</string>
				<key>sourceTree</key>
				<string>SOURCE_ROOT</string>
			</dict>
			<key>5732F2596A1062C49E8B662A</key>
			<dict>
				<key>fileRef</key>
				<string>0D6E0D8CA63FCBE4A5726439</string>
				<key>isa</key>
				<string>PBXBuildFile</string>
			</dict>
			<key>0D6E0D8CA63FCBE4A5726439</key>
			<dict>
				<key>explicitFileType</key>
				<string>sourcecode.cpp.cpp</string>
				<key>fileEncoding</key>
				<string>30</string>
				<key>isa</key>
				<string>PBXFileReference</string>
				<key>name</key>
				<string>src\ofxSingleton\Register.cpp</string>
				<key>path</key>
				<string>../../../addons\ofxSingleton/src\ofxSingleton\Register.cpp</string>
				<key>sourceTree</key>
				<string>SOURCE_ROOT</string>
			</dict>
			<key>9DBE5757C04DF521902EC409</key>
			<dict>
				<key>explicitFileType</key>
				<string>sourcecode.c.h</string>
				<key>fileEncoding</key>
				<string>30</string>
				<key>isa</key>
				<string>PBXFileReference</string>
				<key>name</key>
				<string>src\ofxSingleton.h</string>
				<key>path</key>
				<string>../../../addons\ofxSingleton/src\ofxSingleton.h</string>
				<key>sourceTree</key>
				<string>SOURCE_ROOT</string>
			</dict>
			<key>1D6AFD95C97ABF812DB3399E</key>
			<dict>
				<key>explicitFileType</key>
				<string>sourcecode.c.h</string>
				<key>fileEncoding</key>
				<string>30</string>
				<key>isa</key>
				<string>PBXFileReference</string>
				<key>name</key>
				<string>src\ofxTextInputFieldFontRenderer.h</string>
				<key>path</key>
				<string>../../../addons\ofxTextInputField/src\ofxTextInputFieldFontRenderer.h</string>
				<key>sourceTree</key>
				<string>SOURCE_ROOT</string>
			</dict>
			<key>3CBF4DE1D9AE7433949D382B</key>
			<dict>
				<key>fileRef</key>
				<string>98C9F874CA77D3BFA799AC3C</string>
				<key>isa</key>
				<string>PBXBuildFile</string>
			</dict>
			<key>98C9F874CA77D3BFA799AC3C</key>
			<dict>
				<key>explicitFileType</key>
				<string>sourcecode.cpp.cpp</string>
				<key>fileEncoding</key>
				<string>30</string>
				<key>isa</key>
				<string>PBXFileReference</string>
				<key>name</key>
				<string>src\ofxTextInputField.cpp</string>
				<key>path</key>
				<string>../../../addons\ofxTextInputField/src\ofxTextInputField.cpp</string>
				<key>sourceTree</key>
				<string>SOURCE_ROOT</string>
			</dict>
			<key>54F7E411EBAD61ED9F551BF5</key>
			<dict>
				<key>explicitFileType</key>
				<string>sourcecode.c.h</string>
				<key>fileEncoding</key>
				<string>30</string>
				<key>isa</key>
				<string>PBXFileReference</string>
				<key>name</key>
				<string>src\ofxTextInputField.h</string>
				<key>path</key>
				<string>../../../addons\ofxTextInputField/src\ofxTextInputField.h</string>
				<key>sourceTree</key>
				<string>SOURCE_ROOT</string>
			</dict>
			<key>D2F0D488CDDEC58643750A97</key>
			<dict>
				<key>explicitFileType</key>
				<string>sourcecode.c.h</string>
				<key>fileEncoding</key>
				<string>30</string>
				<key>isa</key>
				<string>PBXFileReference</string>
				<key>name</key>
				<string>src\ofxLiquidEvent.h</string>
				<key>path</key>
				<string>../../../addons\ofxLiquidEvent/src\ofxLiquidEvent.h</string>
				<key>sourceTree</key>
				<string>SOURCE_ROOT</string>
			</dict>
			<key>81ECEDE716E5005CB4D74341</key>
			<dict>
				<key>fileRef</key>
				<string>558E744B9BD07B9199314C17</string>
				<key>isa</key>
				<string>PBXBuildFile</string>
			</dict>
			<key>558E744B9BD07B9199314C17</key>
			<dict>
				<key>explicitFileType</key>
				<string>sourcecode.cpp.cpp</string>
				<key>fileEncoding</key>
				<string>30</string>
				<key>isa</key>
				<string>PBXFileReference</string>
				<key>name</key>
				<string>src\ofxGrabCam.cpp</string>
				<key>path</key>
				<string>../../../addons\ofxGrabCam/src\ofxGrabCam.cpp</string>
				<key>sourceTree</key>
				<string>SOURCE_ROOT</string>
			</dict>
			<key>E6AD338716610A49F9EFB9FE</key>
			<dict>
				<key>explicitFileType</key>
				<string>sourcecode.c.h</string>
				<key>fileEncoding</key>
				<string>30</string>
				<key>isa</key>
				<string>PBXFileReference</string>
				<key>name</key>
				<string>src\ofxGrabCam.h</string>
				<key>path</key>
				<string>../../../addons\ofxGrabCam/src\ofxGrabCam.h</string>
				<key>sourceTree</key>
				<string>SOURCE_ROOT</string>
			</dict>
			<key>B2E77B8FBC0A46A2E0F6151A</key>
			<dict>
				<key>fileRef</key>
				<string>9AEDD3C8BF1472A6BB193408</string>
				<key>isa</key>
				<string>PBXBuildFile</string>
			</dict>
			<key>9AEDD3C8BF1472A6BB193408</key>
			<dict>
				<key>explicitFileType</key>
				<string>sourcecode.cpp.cpp</string>
				<key>fileEncoding</key>
				<string>30</string>
				<key>isa</key>
				<string>PBXFileReference</string>
				<key>name</key>
				<string>src\ofxCvGui\Controller.cpp</string>
				<key>path</key>
				<string>../../../addons\ofxCvGui/src\ofxCvGui\Controller.cpp</string>
				<key>sourceTree</key>
				<string>SOURCE_ROOT</string>
			</dict>
			<key>99CFED7972DC9CD8487F4E3C</key>
			<dict>
				<key>explicitFileType</key>
				<string>sourcecode.c.h</string>
				<key>fileEncoding</key>
				<string>30</string>
				<key>isa</key>
				<string>PBXFileReference</string>
				<key>name</key>
				<string>src\ofxCvGui\Controller.h</string>
				<key>path</key>
				<string>../../../addons\ofxCvGui/src\ofxCvGui\Controller.h</string>
				<key>sourceTree</key>
				<string>SOURCE_ROOT</string>
			</dict>
			<key>7AFEB4623F574C679AC917EB</key>
			<dict>
				<key>explicitFileType</key>
				<string>sourcecode.c.h</string>
				<key>fileEncoding</key>
				<string>30</string>
				<key>isa</key>
				<string>PBXFileReference</string>
				<key>name</key>
				<string>src\ofxCvGui\Widgets\Toggle.h</string>
				<key>path</key>
				<string>../../../addons\ofxCvGui/src\ofxCvGui\Widgets\Toggle.h</string>
				<key>sourceTree</key>
				<string>SOURCE_ROOT</string>
			</dict>
			<key>D824FCA2B74F3C66AFF66B04</key>
			<dict>
				<key>fileRef</key>
				<string>38713C5B073A67D46A7E2F8A</string>
				<key>isa</key>
				<string>PBXBuildFile</string>
			</dict>
			<key>38713C5B073A67D46A7E2F8A</key>
			<dict>
				<key>explicitFileType</key>
				<string>sourcecode.cpp.cpp</string>
				<key>fileEncoding</key>
				<string>30</string>
				<key>isa</key>
				<string>PBXFileReference</string>
				<key>name</key>
				<string>src\ofxCvGui\Widgets\Toggle.cpp</string>
				<key>path</key>
				<string>../../../addons\ofxCvGui/src\ofxCvGui\Widgets\Toggle.cpp</string>
				<key>sourceTree</key>
				<string>SOURCE_ROOT</string>
			</dict>
			<key>035970EFAC6594B6B957E6A6</key>
			<dict>
				<key>explicitFileType</key>
				<string>sourcecode.c.h</string>
				<key>fileEncoding</key>
				<string>30</string>
				<key>isa</key>
				<string>PBXFileReference</string>
				<key>name</key>
				<string>src\ofxCvGui\Widgets\EditableValue.h</string>
				<key>path</key>
				<string>../../../addons\ofxCvGui/src\ofxCvGui\Widgets\EditableValue.h</string>
				<key>sourceTree</key>
				<string>SOURCE_ROOT</string>
			</dict>
			<key>BB870CD15E4808CC843A89EC</key>
			<dict>
				<key>fileRef</key>
				<string>90CAE00F0540E32FB45D331A</string>
				<key>isa</key>
				<string>PBXBuildFile</string>
			</dict>
			<key>90CAE00F0540E32FB45D331A</key>
			<dict>
				<key>explicitFileType</key>
				<string>sourcecode.cpp.cpp</string>
				<key>fileEncoding</key>
				<string>30</string>
				<key>isa</key>
				<string>PBXFileReference</string>
				<key>name</key>
				<string>src\ofxCvGui\Widgets\SelectFile.cpp</string>
				<key>path</key>
				<string>../../../addons\ofxCvGui/src\ofxCvGui\Widgets\SelectFile.cpp</string>
				<key>sourceTree</key>
				<string>SOURCE_ROOT</string>
			</dict>
			<key>F6AF714D806D8E02EA0674FB</key>
			<dict>
				<key>fileRef</key>
				<string>45FDA69DEC94C4932BB1C75E</string>
				<key>isa</key>
				<string>PBXBuildFile</string>
			</dict>
			<key>45FDA69DEC94C4932BB1C75E</key>
			<dict>
				<key>explicitFileType</key>
				<string>sourcecode.cpp.cpp</string>
				<key>fileEncoding</key>
				<string>30</string>
				<key>isa</key>
				<string>PBXFileReference</string>
				<key>name</key>
				<string>src\ofxCvGui\Widgets\Spacer.cpp</string>
				<key>path</key>
				<string>../../../addons\ofxCvGui/src\ofxCvGui\Widgets\Spacer.cpp</string>
				<key>sourceTree</key>
				<string>SOURCE_ROOT</string>
			</dict>
			<key>6C78CFEFDE84342B24C8F24C</key>
			<dict>
				<key>fileRef</key>
				<string>B76CD49122FDE40556B6C07D</string>
				<key>isa</key>
				<string>PBXBuildFile</string>
			</dict>
			<key>B76CD49122FDE40556B6C07D</key>
			<dict>
				<key>explicitFileType</key>
				<string>sourcecode.cpp.cpp</string>
				<key>fileEncoding</key>
				<string>30</string>
				<key>isa</key>
				<string>PBXFileReference</string>
				<key>name</key>
				<string>src\ofxCvGui\Widgets\MultipleChoice.cpp</string>
				<key>path</key>
				<string>../../../addons\ofxCvGui/src\ofxCvGui\Widgets\MultipleChoice.cpp</string>
				<key>sourceTree</key>
				<string>SOURCE_ROOT</string>
			</dict>
			<key>159DCBE475BBCA018E2714FE</key>
			<dict>
				<key>fileRef</key>
				<string>4EC484A970CFA2F97DAE31A4</string>
				<key>isa</key>
				<string>PBXBuildFile</string>
			</dict>
			<key>4EC484A970CFA2F97DAE31A4</key>
			<dict>
				<key>explicitFileType</key>
				<string>sourcecode.cpp.cpp</string>
				<key>fileEncoding</key>
				<string>30</string>
				<key>isa</key>
				<string>PBXFileReference</string>
				<key>name</key>
				<string>src\ofxCvGui\Widgets\Indicator.cpp</string>
				<key>path</key>
				<string>../../../addons\ofxCvGui/src\ofxCvGui\Widgets\Indicator.cpp</string>
				<key>sourceTree</key>
				<string>SOURCE_ROOT</string>
			</dict>
			<key>2EE899F4F838657D077B40D8</key>
			<dict>
				<key>fileRef</key>
				<string>A7DF9F006BA35DE71E591855</string>
				<key>isa</key>
				<string>PBXBuildFile</string>
			</dict>
			<key>A7DF9F006BA35DE71E591855</key>
			<dict>
				<key>explicitFileType</key>
				<string>sourcecode.cpp.cpp</string>
				<key>fileEncoding</key>
				<string>30</string>
				<key>isa</key>
				<string>PBXFileReference</string>
				<key>name</key>
				<string>src\ofxCvGui\Widgets\LiveValue.cpp</string>
				<key>path</key>
				<string>../../../addons\ofxCvGui/src\ofxCvGui\Widgets\LiveValue.cpp</string>
				<key>sourceTree</key>
				<string>SOURCE_ROOT</string>
			</dict>
			<key>CC2563F9D7570E995AC290E6</key>
			<dict>
				<key>explicitFileType</key>
				<string>sourcecode.c.h</string>
				<key>fileEncoding</key>
				<string>30</string>
				<key>isa</key>
				<string>PBXFileReference</string>
				<key>name</key>
				<string>src\ofxCvGui\Widgets\LiveValue.h</string>
				<key>path</key>
				<string>../../../addons\ofxCvGui/src\ofxCvGui\Widgets\LiveValue.h</string>
				<key>sourceTree</key>
				<string>SOURCE_ROOT</string>
			</dict>
			<key>AB7B8ED0C79DC3CB492CA9AD</key>
			<dict>
				<key>fileRef</key>
				<string>12138F824F9D87509763664A</string>
				<key>isa</key>
				<string>PBXBuildFile</string>
			</dict>
			<key>12138F824F9D87509763664A</key>
			<dict>
				<key>explicitFileType</key>
				<string>sourcecode.cpp.cpp</string>
				<key>fileEncoding</key>
				<string>30</string>
				<key>isa</key>
				<string>PBXFileReference</string>
				<key>name</key>
				<string>src\ofxCvGui\Widgets\Slider.cpp</string>
				<key>path</key>
				<string>../../../addons\ofxCvGui/src\ofxCvGui\Widgets\Slider.cpp</string>
				<key>sourceTree</key>
				<string>SOURCE_ROOT</string>
			</dict>
			<key>FC2DF3B5FA20CF563B8F861F</key>
			<dict>
				<key>explicitFileType</key>
				<string>sourcecode.c.h</string>
				<key>fileEncoding</key>
				<string>30</string>
				<key>isa</key>
				<string>PBXFileReference</string>
				<key>name</key>
				<string>src\ofxCvGui\Widgets\MultipleChoice.h</string>
				<key>path</key>
				<string>../../../addons\ofxCvGui/src\ofxCvGui\Widgets\MultipleChoice.h</string>
				<key>sourceTree</key>
				<string>SOURCE_ROOT</string>
			</dict>
			<key>5796576E755761D44F5BFD50</key>
			<dict>
				<key>explicitFileType</key>
				<string>sourcecode.c.h</string>
				<key>fileEncoding</key>
				<string>30</string>
				<key>isa</key>
				<string>PBXFileReference</string>
				<key>name</key>
				<string>src\ofxCvGui\Widgets\Title.h</string>
				<key>path</key>
				<string>../../../addons\ofxCvGui/src\ofxCvGui\Widgets\Title.h</string>
				<key>sourceTree</key>
				<string>SOURCE_ROOT</string>
			</dict>
			<key>FE2E114C4AAAF0DA79E26508</key>
			<dict>
				<key>fileRef</key>
				<string>5FE687F9760F56ED5BE2790D</string>
				<key>isa</key>
				<string>PBXBuildFile</string>
			</dict>
			<key>5FE687F9760F56ED5BE2790D</key>
			<dict>
				<key>explicitFileType</key>
				<string>sourcecode.cpp.cpp</string>
				<key>fileEncoding</key>
				<string>30</string>
				<key>isa</key>
				<string>PBXFileReference</string>
				<key>name</key>
				<string>src\ofxCvGui\Widgets\Title.cpp</string>
				<key>path</key>
				<string>../../../addons\ofxCvGui/src\ofxCvGui\Widgets\Title.cpp</string>
				<key>sourceTree</key>
				<string>SOURCE_ROOT</string>
			</dict>
			<key>CE2CADF8BF391F7D59A58777</key>
			<dict>
				<key>explicitFileType</key>
				<string>sourcecode.c.h</string>
				<key>fileEncoding</key>
				<string>30</string>
				<key>isa</key>
				<string>PBXFileReference</string>
				<key>name</key>
				<string>src\ofxCvGui\Widgets\Slider.h</string>
				<key>path</key>
				<string>../../../addons\ofxCvGui/src\ofxCvGui\Widgets\Slider.h</string>
				<key>sourceTree</key>
				<string>SOURCE_ROOT</string>
			</dict>
			<key>D76BDB9C3ACB0726B41ADCD5</key>
			<dict>
				<key>explicitFileType</key>
				<string>sourcecode.c.h</string>
				<key>fileEncoding</key>
				<string>30</string>
				<key>isa</key>
				<string>PBXFileReference</string>
				<key>name</key>
				<string>src\ofxCvGui\Widgets\SelectFile.h</string>
				<key>path</key>
				<string>../../../addons\ofxCvGui/src\ofxCvGui\Widgets\SelectFile.h</string>
				<key>sourceTree</key>
				<string>SOURCE_ROOT</string>
			</dict>
			<key>7F16441F07CC615AB13AEE0C</key>
			<dict>
				<key>explicitFileType</key>
				<string>sourcecode.c.h</string>
				<key>fileEncoding</key>
				<string>30</string>
				<key>isa</key>
				<string>PBXFileReference</string>
				<key>name</key>
				<string>src\ofxCvGui\Widgets\Indicator.h</string>
				<key>path</key>
				<string>../../../addons\ofxCvGui/src\ofxCvGui\Widgets\Indicator.h</string>
				<key>sourceTree</key>
				<string>SOURCE_ROOT</string>
			</dict>
			<key>C95C02DA74AA0E040E53291B</key>
			<dict>
				<key>explicitFileType</key>
				<string>sourcecode.c.h</string>
				<key>fileEncoding</key>
				<string>30</string>
				<key>isa</key>
				<string>PBXFileReference</string>
				<key>name</key>
				<string>src\ofxCvGui\Widgets\Button.h</string>
				<key>path</key>
				<string>../../../addons\ofxCvGui/src\ofxCvGui\Widgets\Button.h</string>
				<key>sourceTree</key>
				<string>SOURCE_ROOT</string>
			</dict>
			<key>60B497E8EE9208E1E679DCE5</key>
			<dict>
				<key>fileRef</key>
				<string>AC4D7EA5120E56C8C5AC8AC2</string>
				<key>isa</key>
				<string>PBXBuildFile</string>
			</dict>
			<key>AC4D7EA5120E56C8C5AC8AC2</key>
			<dict>
				<key>explicitFileType</key>
				<string>sourcecode.cpp.cpp</string>
				<key>fileEncoding</key>
				<string>30</string>
				<key>isa</key>
				<string>PBXFileReference</string>
				<key>name</key>
				<string>src\ofxCvGui\Widgets\Button.cpp</string>
				<key>path</key>
				<string>../../../addons\ofxCvGui/src\ofxCvGui\Widgets\Button.cpp</string>
				<key>sourceTree</key>
				<string>SOURCE_ROOT</string>
			</dict>
			<key>1045C51B02161D178A2074E7</key>
			<dict>
				<key>explicitFileType</key>
				<string>sourcecode.c.h</string>
				<key>fileEncoding</key>
				<string>30</string>
				<key>isa</key>
				<string>PBXFileReference</string>
				<key>name</key>
				<string>src\ofxCvGui\Widgets\Spacer.h</string>
				<key>path</key>
				<string>../../../addons\ofxCvGui/src\ofxCvGui\Widgets\Spacer.h</string>
				<key>sourceTree</key>
				<string>SOURCE_ROOT</string>
			</dict>
			<key>1BA50C50DDD40DDF2D027A44</key>
			<dict>
				<key>explicitFileType</key>
				<string>sourcecode.c.h</string>
				<key>fileEncoding</key>
				<string>30</string>
				<key>isa</key>
				<string>PBXFileReference</string>
				<key>name</key>
				<string>src\ofxCvGui\Utils\Utils.h</string>
				<key>path</key>
				<string>../../../addons\ofxCvGui/src\ofxCvGui\Utils\Utils.h</string>
				<key>sourceTree</key>
				<string>SOURCE_ROOT</string>
			</dict>
			<key>9EF7A9D3A1277AD65968BE15</key>
			<dict>
				<key>fileRef</key>
				<string>79AD255C7C9FF178BB5697C6</string>
				<key>isa</key>
				<string>PBXBuildFile</string>
			</dict>
			<key>79AD255C7C9FF178BB5697C6</key>
			<dict>
				<key>explicitFileType</key>
				<string>sourcecode.cpp.cpp</string>
				<key>fileEncoding</key>
				<string>30</string>
				<key>isa</key>
				<string>PBXFileReference</string>
				<key>name</key>
				<string>src\ofxCvGui\Utils\Utils.cpp</string>
				<key>path</key>
				<string>../../../addons\ofxCvGui/src\ofxCvGui\Utils\Utils.cpp</string>
				<key>sourceTree</key>
				<string>SOURCE_ROOT</string>
			</dict>
			<key>FEC45E664750CCE1D5327FAA</key>
			<dict>
				<key>explicitFileType</key>
				<string>sourcecode.c.h</string>
				<key>fileEncoding</key>
				<string>30</string>
				<key>isa</key>
				<string>PBXFileReference</string>
				<key>name</key>
				<string>src\ofxCvGui\Utils\TextField.h</string>
				<key>path</key>
				<string>../../../addons\ofxCvGui/src\ofxCvGui\Utils\TextField.h</string>
				<key>sourceTree</key>
				<string>SOURCE_ROOT</string>
			</dict>
			<key>AE8B2C1EF89BA090D86CAF48</key>
			<dict>
				<key>fileRef</key>
				<string>AE611D522C05B40E450C40F4</string>
				<key>isa</key>
				<string>PBXBuildFile</string>
			</dict>
			<key>AE611D522C05B40E450C40F4</key>
			<dict>
				<key>explicitFileType</key>
				<string>sourcecode.cpp.cpp</string>
				<key>fileEncoding</key>
				<string>30</string>
				<key>isa</key>
				<string>PBXFileReference</string>
				<key>name</key>
				<string>src\ofxCvGui\Utils\TextField.cpp</string>
				<key>path</key>
				<string>../../../addons\ofxCvGui/src\ofxCvGui\Utils\TextField.cpp</string>
				<key>sourceTree</key>
				<string>SOURCE_ROOT</string>
			</dict>
			<key>168AB44825207BAE3CA6D868</key>
			<dict>
				<key>explicitFileType</key>
				<string>sourcecode.c.h</string>
				<key>fileEncoding</key>
				<string>30</string>
				<key>isa</key>
				<string>PBXFileReference</string>
				<key>name</key>
				<string>src\ofxCvGui\Utils\Button.h</string>
				<key>path</key>
				<string>../../../addons\ofxCvGui/src\ofxCvGui\Utils\Button.h</string>
				<key>sourceTree</key>
				<string>SOURCE_ROOT</string>
			</dict>
			<key>0E0316321FDDFF7B3545A8BA</key>
			<dict>
				<key>fileRef</key>
				<string>6543EA9D53D15B3D5C4A3D72</string>
				<key>isa</key>
				<string>PBXBuildFile</string>
			</dict>
			<key>6543EA9D53D15B3D5C4A3D72</key>
			<dict>
				<key>explicitFileType</key>
				<string>sourcecode.cpp.cpp</string>
				<key>fileEncoding</key>
				<string>30</string>
				<key>isa</key>
				<string>PBXFileReference</string>
				<key>name</key>
				<string>src\ofxCvGui\Utils\Button.cpp</string>
				<key>path</key>
				<string>../../../addons\ofxCvGui/src\ofxCvGui\Utils\Button.cpp</string>
				<key>sourceTree</key>
				<string>SOURCE_ROOT</string>
			</dict>
			<key>E5DFC6E30911C6D2143046D9</key>
			<dict>
				<key>explicitFileType</key>
				<string>sourcecode.c.h</string>
				<key>fileEncoding</key>
				<string>30</string>
				<key>isa</key>
				<string>PBXFileReference</string>
				<key>name</key>
				<string>src\ofxCvGui\Utils\Constants.h</string>
				<key>path</key>
				<string>../../../addons\ofxCvGui/src\ofxCvGui\Utils\Constants.h</string>
				<key>sourceTree</key>
				<string>SOURCE_ROOT</string>
			</dict>
			<key>47295BECDDA2BD0B0083D7F2</key>
			<dict>
				<key>fileRef</key>
				<string>79F3F6C469559866F73D713F</string>
				<key>isa</key>
				<string>PBXBuildFile</string>
			</dict>
			<key>79F3F6C469559866F73D713F</key>
			<dict>
				<key>explicitFileType</key>
				<string>sourcecode.cpp.cpp</string>
				<key>fileEncoding</key>
				<string>30</string>
				<key>isa</key>
				<string>PBXFileReference</string>
				<key>name</key>
				<string>src\ofxCvGui\Utils\Constants.cpp</string>
				<key>path</key>
				<string>../../../addons\ofxCvGui/src\ofxCvGui\Utils\Constants.cpp</string>
				<key>sourceTree</key>
				<string>SOURCE_ROOT</string>
			</dict>
			<key>97D3231C6BB062F4EFE60AA1</key>
			<dict>
				<key>fileRef</key>
				<string>E7CA2796AFF563D9CE7396F4</string>
				<key>isa</key>
				<string>PBXBuildFile</string>
			</dict>
			<key>E7CA2796AFF563D9CE7396F4</key>
			<dict>
				<key>explicitFileType</key>
				<string>sourcecode.cpp.cpp</string>
				<key>fileEncoding</key>
				<string>30</string>
				<key>isa</key>
				<string>PBXFileReference</string>
				<key>name</key>
				<string>src\ofxCvGui\Panels\Image.cpp</string>
				<key>path</key>
				<string>../../../addons\ofxCvGui/src\ofxCvGui\Panels\Image.cpp</string>
				<key>sourceTree</key>
				<string>SOURCE_ROOT</string>
			</dict>
			<key>774070EA4C76FF486F999C00</key>
			<dict>
				<key>explicitFileType</key>
				<string>sourcecode.c.h</string>
				<key>fileEncoding</key>
				<string>30</string>
				<key>isa</key>
				<string>PBXFileReference</string>
				<key>name</key>
				<string>src\ofxCvGui\Panels\World.h</string>
				<key>path</key>
				<string>../../../addons\ofxCvGui/src\ofxCvGui\Panels\World.h</string>
				<key>sourceTree</key>
				<string>SOURCE_ROOT</string>
			</dict>
			<key>148D675D138DD279E04F88B9</key>
			<dict>
				<key>fileRef</key>
				<string>40DCCD0CC28D88FB5D0513A8</string>
				<key>isa</key>
				<string>PBXBuildFile</string>
			</dict>
			<key>40DCCD0CC28D88FB5D0513A8</key>
			<dict>
				<key>explicitFileType</key>
				<string>sourcecode.cpp.cpp</string>
				<key>fileEncoding</key>
				<string>30</string>
				<key>isa</key>
				<string>PBXFileReference</string>
				<key>name</key>
				<string>src\ofxCvGui\Panels\World.cpp</string>
				<key>path</key>
				<string>../../../addons\ofxCvGui/src\ofxCvGui\Panels\World.cpp</string>
				<key>sourceTree</key>
				<string>SOURCE_ROOT</string>
			</dict>
			<key>D84DAC3D9A2D05C660BABC11</key>
			<dict>
				<key>explicitFileType</key>
				<string>sourcecode.c.h</string>
				<key>fileEncoding</key>
				<string>30</string>
				<key>isa</key>
				<string>PBXFileReference</string>
				<key>name</key>
				<string>src\ofxCvGui\Panels\Groups\Grid.h</string>
				<key>path</key>
				<string>../../../addons\ofxCvGui/src\ofxCvGui\Panels\Groups\Grid.h</string>
				<key>sourceTree</key>
				<string>SOURCE_ROOT</string>
			</dict>
			<key>9F66E03262CA2CAA21C840D2</key>
			<dict>
				<key>explicitFileType</key>
				<string>sourcecode.c.h</string>
				<key>fileEncoding</key>
				<string>30</string>
				<key>isa</key>
				<string>PBXFileReference</string>
				<key>name</key>
				<string>src\ofxCvGui\Panels\Groups\Base.h</string>
				<key>path</key>
				<string>../../../addons\ofxCvGui/src\ofxCvGui\Panels\Groups\Base.h</string>
				<key>sourceTree</key>
				<string>SOURCE_ROOT</string>
			</dict>
			<key>D4E7DF8B70B4E3A2D594E33A</key>
			<dict>
				<key>fileRef</key>
				<string>B60023A0315D0C25DE8549D5</string>
				<key>isa</key>
				<string>PBXBuildFile</string>
			</dict>
			<key>B60023A0315D0C25DE8549D5</key>
			<dict>
				<key>explicitFileType</key>
				<string>sourcecode.cpp.cpp</string>
				<key>fileEncoding</key>
				<string>30</string>
				<key>isa</key>
				<string>PBXFileReference</string>
				<key>name</key>
				<string>src\ofxCvGui\Panels\Groups\Grid.cpp</string>
				<key>path</key>
				<string>../../../addons\ofxCvGui/src\ofxCvGui\Panels\Groups\Grid.cpp</string>
				<key>sourceTree</key>
				<string>SOURCE_ROOT</string>
			</dict>
			<key>B8FDE2D8E224805BCEDF236F</key>
			<dict>
				<key>fileRef</key>
				<string>AE6F58A30C00DB31B93141E6</string>
				<key>isa</key>
				<string>PBXBuildFile</string>
			</dict>
			<key>AE6F58A30C00DB31B93141E6</key>
			<dict>
				<key>explicitFileType</key>
				<string>sourcecode.cpp.cpp</string>
				<key>fileEncoding</key>
				<string>30</string>
				<key>isa</key>
				<string>PBXFileReference</string>
				<key>name</key>
				<string>src\ofxCvGui\Panels\Draws.cpp</string>
				<key>path</key>
				<string>../../../addons\ofxCvGui/src\ofxCvGui\Panels\Draws.cpp</string>
				<key>sourceTree</key>
				<string>SOURCE_ROOT</string>
			</dict>
			<key>6A94DC0F60123EA29C59C3DD</key>
			<dict>
				<key>fileRef</key>
				<string>90D23F660FE42B064CC283C3</string>
				<key>isa</key>
				<string>PBXBuildFile</string>
			</dict>
			<key>90D23F660FE42B064CC283C3</key>
			<dict>
				<key>explicitFileType</key>
				<string>sourcecode.cpp.cpp</string>
				<key>fileEncoding</key>
				<string>30</string>
				<key>isa</key>
				<string>PBXFileReference</string>
				<key>name</key>
				<string>src\ofxCvGui\Panels\ElementCanvas.cpp</string>
				<key>path</key>
				<string>../../../addons\ofxCvGui/src\ofxCvGui\Panels\ElementCanvas.cpp</string>
				<key>sourceTree</key>
				<string>SOURCE_ROOT</string>
			</dict>
			<key>7C0A11721BD4F80635CB2D74</key>
			<dict>
				<key>fileRef</key>
				<string>45D9479070312824E452C0F9</string>
				<key>isa</key>
				<string>PBXBuildFile</string>
			</dict>
			<key>45D9479070312824E452C0F9</key>
			<dict>
				<key>explicitFileType</key>
				<string>sourcecode.cpp.cpp</string>
				<key>fileEncoding</key>
				<string>30</string>
				<key>isa</key>
				<string>PBXFileReference</string>
				<key>name</key>
				<string>src\ofxCvGui\Panels\Scroll.cpp</string>
				<key>path</key>
				<string>../../../addons\ofxCvGui/src\ofxCvGui\Panels\Scroll.cpp</string>
				<key>sourceTree</key>
				<string>SOURCE_ROOT</string>
			</dict>
			<key>CE4A6D5FEA66F2D5D2C7EC2B</key>
			<dict>
				<key>fileRef</key>
				<string>CE81FDE86BA4AC4697955499</string>
				<key>isa</key>
				<string>PBXBuildFile</string>
			</dict>
			<key>CE81FDE86BA4AC4697955499</key>
			<dict>
				<key>explicitFileType</key>
				<string>sourcecode.cpp.cpp</string>
				<key>fileEncoding</key>
				<string>30</string>
				<key>isa</key>
				<string>PBXFileReference</string>
				<key>name</key>
				<string>src\ofxCvGui\Panels\PixelsVector.cpp</string>
				<key>path</key>
				<string>../../../addons\ofxCvGui/src\ofxCvGui\Panels\PixelsVector.cpp</string>
				<key>sourceTree</key>
				<string>SOURCE_ROOT</string>
			</dict>
			<key>127206EC2C6585C2BE98FDCB</key>
			<dict>
				<key>explicitFileType</key>
				<string>sourcecode.c.h</string>
				<key>fileEncoding</key>
				<string>30</string>
				<key>isa</key>
				<string>PBXFileReference</string>
				<key>name</key>
				<string>src\ofxCvGui\Panels\BaseImage.h</string>
				<key>path</key>
				<string>../../../addons\ofxCvGui/src\ofxCvGui\Panels\BaseImage.h</string>
				<key>sourceTree</key>
				<string>SOURCE_ROOT</string>
			</dict>
			<key>69BC6AE309A8F910AFD9C512</key>
			<dict>
				<key>fileRef</key>
				<string>ABAC1073DBD66AFA8BECA426</string>
				<key>isa</key>
				<string>PBXBuildFile</string>
			</dict>
			<key>ABAC1073DBD66AFA8BECA426</key>
			<dict>
				<key>explicitFileType</key>
				<string>sourcecode.cpp.cpp</string>
				<key>fileEncoding</key>
				<string>30</string>
				<key>isa</key>
				<string>PBXFileReference</string>
				<key>name</key>
				<string>src\ofxCvGui\Panels\BaseImage.cpp</string>
				<key>path</key>
				<string>../../../addons\ofxCvGui/src\ofxCvGui\Panels\BaseImage.cpp</string>
				<key>sourceTree</key>
				<string>SOURCE_ROOT</string>
			</dict>
			<key>D3D467E32D08A4D85268AFB2</key>
			<dict>
				<key>fileRef</key>
				<string>093053E415D93EC5440D9441</string>
				<key>isa</key>
				<string>PBXBuildFile</string>
			</dict>
			<key>093053E415D93EC5440D9441</key>
			<dict>
				<key>explicitFileType</key>
				<string>sourcecode.cpp.cpp</string>
				<key>fileEncoding</key>
				<string>30</string>
				<key>isa</key>
				<string>PBXFileReference</string>
				<key>name</key>
				<string>src\ofxCvGui\Panels\Text.cpp</string>
				<key>path</key>
				<string>../../../addons\ofxCvGui/src\ofxCvGui\Panels\Text.cpp</string>
				<key>sourceTree</key>
				<string>SOURCE_ROOT</string>
			</dict>
			<key>B9CBFD5823BEA4FD1462407D</key>
			<dict>
				<key>explicitFileType</key>
				<string>sourcecode.c.h</string>
				<key>fileEncoding</key>
				<string>30</string>
				<key>isa</key>
				<string>PBXFileReference</string>
				<key>name</key>
				<string>src\ofxCvGui\Panels\SharedView.h</string>
				<key>path</key>
				<string>../../../addons\ofxCvGui/src\ofxCvGui\Panels\SharedView.h</string>
				<key>sourceTree</key>
				<string>SOURCE_ROOT</string>
			</dict>
			<key>C8BAD8D3E3AEB4903CDB2C32</key>
			<dict>
				<key>fileRef</key>
				<string>2FD669F6EEB3686C38F7385D</string>
				<key>isa</key>
				<string>PBXBuildFile</string>
			</dict>
			<key>2FD669F6EEB3686C38F7385D</key>
			<dict>
				<key>explicitFileType</key>
				<string>sourcecode.cpp.cpp</string>
				<key>fileEncoding</key>
				<string>30</string>
				<key>isa</key>
				<string>PBXFileReference</string>
				<key>name</key>
				<string>src\ofxCvGui\Panels\SharedView.cpp</string>
				<key>path</key>
				<string>../../../addons\ofxCvGui/src\ofxCvGui\Panels\SharedView.cpp</string>
				<key>sourceTree</key>
				<string>SOURCE_ROOT</string>
			</dict>
			<key>527F71380F7EE94CCF3FB9A1</key>
			<dict>
				<key>explicitFileType</key>
				<string>sourcecode.c.h</string>
				<key>fileEncoding</key>
				<string>30</string>
				<key>isa</key>
				<string>PBXFileReference</string>
				<key>name</key>
				<string>src\ofxCvGui\Panels\Scroll.h</string>
				<key>path</key>
				<string>../../../addons\ofxCvGui/src\ofxCvGui\Panels\Scroll.h</string>
				<key>sourceTree</key>
				<string>SOURCE_ROOT</string>
			</dict>
			<key>03F6A5106629EE87AC5AA491</key>
			<dict>
				<key>explicitFileType</key>
				<string>sourcecode.c.h</string>
				<key>fileEncoding</key>
				<string>30</string>
				<key>isa</key>
				<string>PBXFileReference</string>
				<key>name</key>
				<string>src\ofxCvGui\Panels\Inspector.h</string>
				<key>path</key>
				<string>../../../addons\ofxCvGui/src\ofxCvGui\Panels\Inspector.h</string>
				<key>sourceTree</key>
				<string>SOURCE_ROOT</string>
			</dict>
			<key>E14F505F7C2A32E5967BB8C2</key>
			<dict>
				<key>fileRef</key>
				<string>9FB53650736E24E47F1052D4</string>
				<key>isa</key>
				<string>PBXBuildFile</string>
			</dict>
			<key>9FB53650736E24E47F1052D4</key>
			<dict>
				<key>explicitFileType</key>
				<string>sourcecode.cpp.cpp</string>
				<key>fileEncoding</key>
				<string>30</string>
				<key>isa</key>
				<string>PBXFileReference</string>
				<key>name</key>
				<string>src\ofxCvGui\Panels\Inspector.cpp</string>
				<key>path</key>
				<string>../../../addons\ofxCvGui/src\ofxCvGui\Panels\Inspector.cpp</string>
				<key>sourceTree</key>
				<string>SOURCE_ROOT</string>
			</dict>
			<key>A0721E9973A0856EA371D2D9</key>
			<dict>
				<key>explicitFileType</key>
				<string>sourcecode.c.h</string>
				<key>fileEncoding</key>
				<string>30</string>
				<key>isa</key>
				<string>PBXFileReference</string>
				<key>name</key>
				<string>src\ofxCvGui\Panels\Image.h</string>
				<key>path</key>
				<string>../../../addons\ofxCvGui/src\ofxCvGui\Panels\Image.h</string>
				<key>sourceTree</key>
				<string>SOURCE_ROOT</string>
			</dict>
			<key>3D52615530B6ABF593EBBD81</key>
			<dict>
				<key>fileRef</key>
				<string>107CDA633FFDD651BEDC59A5</string>
				<key>isa</key>
				<string>PBXBuildFile</string>
			</dict>
			<key>107CDA633FFDD651BEDC59A5</key>
			<dict>
				<key>explicitFileType</key>
				<string>sourcecode.cpp.cpp</string>
				<key>fileEncoding</key>
				<string>30</string>
				<key>isa</key>
				<string>PBXFileReference</string>
				<key>name</key>
				<string>src\ofxCvGui\Panels\ElementHost.cpp</string>
				<key>path</key>
				<string>../../../addons\ofxCvGui/src\ofxCvGui\Panels\ElementHost.cpp</string>
				<key>sourceTree</key>
				<string>SOURCE_ROOT</string>
			</dict>
			<key>C14C4BAF0BD2D6AF4369FF00</key>
			<dict>
				<key>explicitFileType</key>
				<string>sourcecode.c.h</string>
				<key>fileEncoding</key>
				<string>30</string>
				<key>isa</key>
				<string>PBXFileReference</string>
				<key>name</key>
				<string>src\ofxCvGui\Panels\ElementCanvas.h</string>
				<key>path</key>
				<string>../../../addons\ofxCvGui/src\ofxCvGui\Panels\ElementCanvas.h</string>
				<key>sourceTree</key>
				<string>SOURCE_ROOT</string>
			</dict>
			<key>ADAD64A0D62905FD07D04E37</key>
			<dict>
				<key>explicitFileType</key>
				<string>sourcecode.c.h</string>
				<key>fileEncoding</key>
				<string>30</string>
				<key>isa</key>
				<string>PBXFileReference</string>
				<key>name</key>
				<string>src\ofxCvGui\Panels\Draws.h</string>
				<key>path</key>
				<string>../../../addons\ofxCvGui/src\ofxCvGui\Panels\Draws.h</string>
				<key>sourceTree</key>
				<string>SOURCE_ROOT</string>
			</dict>
			<key>A2D11C0F9DBE83F078B8B6B4</key>
			<dict>
				<key>explicitFileType</key>
				<string>sourcecode.c.h</string>
				<key>fileEncoding</key>
				<string>30</string>
				<key>isa</key>
				<string>PBXFileReference</string>
				<key>name</key>
				<string>src\ofxCvGui\Panels\Base.h</string>
				<key>path</key>
				<string>../../../addons\ofxCvGui/src\ofxCvGui\Panels\Base.h</string>
				<key>sourceTree</key>
				<string>SOURCE_ROOT</string>
			</dict>
			<key>1AF0A2AFCEA8CB99153D5433</key>
			<dict>
				<key>explicitFileType</key>
				<string>sourcecode.c.h</string>
				<key>fileEncoding</key>
				<string>30</string>
				<key>isa</key>
				<string>PBXFileReference</string>
				<key>name</key>
				<string>src\ofxCvGui\Panels\Text.h</string>
				<key>path</key>
				<string>../../../addons\ofxCvGui/src\ofxCvGui\Panels\Text.h</string>
				<key>sourceTree</key>
				<string>SOURCE_ROOT</string>
			</dict>
			<key>7023A03B177680381D0875AA</key>
			<dict>
				<key>explicitFileType</key>
				<string>sourcecode.c.h</string>
				<key>fileEncoding</key>
				<string>30</string>
				<key>isa</key>
				<string>PBXFileReference</string>
				<key>name</key>
				<string>src\ofxCvGui\Panels\PixelsVector.h</string>
				<key>path</key>
				<string>../../../addons\ofxCvGui/src\ofxCvGui\Panels\PixelsVector.h</string>
				<key>sourceTree</key>
				<string>SOURCE_ROOT</string>
			</dict>
			<key>239075D765A692EA01C4DE04</key>
			<dict>
				<key>explicitFileType</key>
				<string>sourcecode.c.h</string>
				<key>fileEncoding</key>
				<string>30</string>
				<key>isa</key>
				<string>PBXFileReference</string>
				<key>name</key>
				<string>src\ofxCvGui\Panels\Pixels.h</string>
				<key>path</key>
				<string>../../../addons\ofxCvGui/src\ofxCvGui\Panels\Pixels.h</string>
				<key>sourceTree</key>
				<string>SOURCE_ROOT</string>
			</dict>
			<key>528D95B2AE6A657489199516</key>
			<dict>
				<key>fileRef</key>
				<string>92B30939964B4272C3B58974</string>
				<key>isa</key>
				<string>PBXBuildFile</string>
			</dict>
			<key>92B30939964B4272C3B58974</key>
			<dict>
				<key>explicitFileType</key>
				<string>sourcecode.cpp.cpp</string>
				<key>fileEncoding</key>
				<string>30</string>
				<key>isa</key>
				<string>PBXFileReference</string>
				<key>name</key>
				<string>src\ofxCvGui\Panels\Pixels.cpp</string>
				<key>path</key>
				<string>../../../addons\ofxCvGui/src\ofxCvGui\Panels\Pixels.cpp</string>
				<key>sourceTree</key>
				<string>SOURCE_ROOT</string>
			</dict>
			<key>522CB1A98E2A2AA373A4BD7A</key>
			<dict>
				<key>explicitFileType</key>
				<string>sourcecode.c.h</string>
				<key>fileEncoding</key>
				<string>30</string>
				<key>isa</key>
				<string>PBXFileReference</string>
				<key>name</key>
				<string>src\ofxCvGui\Panels\Instructions.h</string>
				<key>path</key>
				<string>../../../addons\ofxCvGui/src\ofxCvGui\Panels\Instructions.h</string>
				<key>sourceTree</key>
				<string>SOURCE_ROOT</string>
			</dict>
			<key>7581C332588AC467DAF32183</key>
			<dict>
				<key>fileRef</key>
				<string>E9880303707CBFC333FD3C1E</string>
				<key>isa</key>
				<string>PBXBuildFile</string>
			</dict>
			<key>E9880303707CBFC333FD3C1E</key>
			<dict>
				<key>explicitFileType</key>
				<string>sourcecode.cpp.cpp</string>
				<key>fileEncoding</key>
				<string>30</string>
				<key>isa</key>
				<string>PBXFileReference</string>
				<key>name</key>
				<string>src\ofxCvGui\Panels\Instructions.cpp</string>
				<key>path</key>
				<string>../../../addons\ofxCvGui/src\ofxCvGui\Panels\Instructions.cpp</string>
				<key>sourceTree</key>
				<string>SOURCE_ROOT</string>
			</dict>
			<key>94392E7CF90F0D38DB6A404A</key>
			<dict>
				<key>explicitFileType</key>
				<string>sourcecode.c.h</string>
				<key>fileEncoding</key>
				<string>30</string>
				<key>isa</key>
				<string>PBXFileReference</string>
				<key>name</key>
				<string>src\ofxCvGui\Panels\ElementHost.h</string>
				<key>path</key>
				<string>../../../addons\ofxCvGui/src\ofxCvGui\Panels\ElementHost.h</string>
				<key>sourceTree</key>
				<string>SOURCE_ROOT</string>
			</dict>
			<key>4F60CAA3D81AC2805F24F941</key>
			<dict>
				<key>fileRef</key>
				<string>D563F0367BBD07822EDB8206</string>
				<key>isa</key>
				<string>PBXBuildFile</string>
			</dict>
			<key>D563F0367BBD07822EDB8206</key>
			<dict>
				<key>explicitFileType</key>
				<string>sourcecode.cpp.cpp</string>
				<key>fileEncoding</key>
				<string>30</string>
				<key>isa</key>
				<string>PBXFileReference</string>
				<key>name</key>
				<string>src\ofxCvGui\Panels\Base.cpp</string>
				<key>path</key>
				<string>../../../addons\ofxCvGui/src\ofxCvGui\Panels\Base.cpp</string>
				<key>sourceTree</key>
				<string>SOURCE_ROOT</string>
			</dict>
			<key>C18ECBC235B9971C4AC21866</key>
			<dict>
				<key>fileRef</key>
				<string>8FEB47B15191968B0E9328E5</string>
				<key>isa</key>
				<string>PBXBuildFile</string>
			</dict>
			<key>8FEB47B15191968B0E9328E5</key>
			<dict>
				<key>explicitFileType</key>
				<string>sourcecode.cpp.cpp</string>
				<key>fileEncoding</key>
				<string>30</string>
				<key>isa</key>
				<string>PBXFileReference</string>
				<key>name</key>
				<string>src\ofxCvGui\InspectController.cpp</string>
				<key>path</key>
				<string>../../../addons\ofxCvGui/src\ofxCvGui\InspectController.cpp</string>
				<key>sourceTree</key>
				<string>SOURCE_ROOT</string>
			</dict>
			<key>5A54A23047075A3CB6740EA9</key>
			<dict>
				<key>explicitFileType</key>
				<string>sourcecode.c.h</string>
				<key>fileEncoding</key>
				<string>30</string>
				<key>isa</key>
				<string>PBXFileReference</string>
				<key>name</key>
				<string>src\ofxCvGui\InspectController.h</string>
				<key>path</key>
				<string>../../../addons\ofxCvGui/src\ofxCvGui\InspectController.h</string>
				<key>sourceTree</key>
				<string>SOURCE_ROOT</string>
			</dict>
			<key>5A7FCE090EB90F8EBC379D13</key>
			<dict>
				<key>fileRef</key>
				<string>04A9D51EE665CBC6F03471D9</string>
				<key>isa</key>
				<string>PBXBuildFile</string>
			</dict>
			<key>04A9D51EE665CBC6F03471D9</key>
			<dict>
				<key>explicitFileType</key>
				<string>sourcecode.cpp.cpp</string>
				<key>fileEncoding</key>
				<string>30</string>
				<key>isa</key>
				<string>PBXFileReference</string>
				<key>name</key>
				<string>src\ofxCvGui\Element.cpp</string>
				<key>path</key>
				<string>../../../addons\ofxCvGui/src\ofxCvGui\Element.cpp</string>
				<key>sourceTree</key>
				<string>SOURCE_ROOT</string>
			</dict>
			<key>422C410E39616A55E316FC3A</key>
			<dict>
				<key>explicitFileType</key>
				<string>sourcecode.c.h</string>
				<key>fileEncoding</key>
				<string>30</string>
				<key>isa</key>
				<string>PBXFileReference</string>
				<key>name</key>
				<string>src\ofxCvGui\Types.h</string>
				<key>path</key>
				<string>../../../addons\ofxCvGui/src\ofxCvGui\Types.h</string>
				<key>sourceTree</key>
				<string>SOURCE_ROOT</string>
			</dict>
			<key>CB4EEA93AD4E7D619C6B8018</key>
			<dict>
				<key>fileRef</key>
				<string>5E0EAFBC869DE0509E4F8867</string>
				<key>isa</key>
				<string>PBXBuildFile</string>
			</dict>
			<key>5E0EAFBC869DE0509E4F8867</key>
			<dict>
				<key>explicitFileType</key>
				<string>sourcecode.cpp.cpp</string>
				<key>fileEncoding</key>
				<string>30</string>
				<key>isa</key>
				<string>PBXFileReference</string>
				<key>name</key>
				<string>src\ofxCvGui\Types.cpp</string>
				<key>path</key>
				<string>../../../addons\ofxCvGui/src\ofxCvGui\Types.cpp</string>
				<key>sourceTree</key>
				<string>SOURCE_ROOT</string>
			</dict>
			<key>CE440C6E74A7EF11A30DEBFA</key>
			<dict>
				<key>explicitFileType</key>
				<string>sourcecode.c.h</string>
				<key>fileEncoding</key>
				<string>30</string>
				<key>isa</key>
				<string>PBXFileReference</string>
				<key>name</key>
				<string>src\ofxCvGui\ElementSlot.h</string>
				<key>path</key>
				<string>../../../addons\ofxCvGui/src\ofxCvGui\ElementSlot.h</string>
				<key>sourceTree</key>
				<string>SOURCE_ROOT</string>
			</dict>
			<key>4D82FDCE8CEF761739696896</key>
			<dict>
				<key>fileRef</key>
				<string>10EE3DBCD3757C64FEE06EC2</string>
				<key>isa</key>
				<string>PBXBuildFile</string>
			</dict>
			<key>10EE3DBCD3757C64FEE06EC2</key>
			<dict>
				<key>explicitFileType</key>
				<string>sourcecode.cpp.cpp</string>
				<key>fileEncoding</key>
				<string>30</string>
				<key>isa</key>
				<string>PBXFileReference</string>
				<key>name</key>
				<string>src\ofxCvGui\ElementSlot.cpp</string>
				<key>path</key>
				<string>../../../addons\ofxCvGui/src\ofxCvGui\ElementSlot.cpp</string>
				<key>sourceTree</key>
				<string>SOURCE_ROOT</string>
			</dict>
			<key>62A580323D1152F115CBDE93</key>
			<dict>
				<key>explicitFileType</key>
				<string>sourcecode.c.h</string>
				<key>fileEncoding</key>
				<string>30</string>
				<key>isa</key>
				<string>PBXFileReference</string>
				<key>name</key>
				<string>src\ofxCvGui\ElementGroup.h</string>
				<key>path</key>
				<string>../../../addons\ofxCvGui/src\ofxCvGui\ElementGroup.h</string>
				<key>sourceTree</key>
				<string>SOURCE_ROOT</string>
			</dict>
			<key>76FBB30BBEDBD0A0089C003F</key>
			<dict>
				<key>fileRef</key>
				<string>277E9BDF523764B8454DA609</string>
				<key>isa</key>
				<string>PBXBuildFile</string>
			</dict>
			<key>277E9BDF523764B8454DA609</key>
			<dict>
				<key>explicitFileType</key>
				<string>sourcecode.cpp.cpp</string>
				<key>fileEncoding</key>
				<string>30</string>
				<key>isa</key>
				<string>PBXFileReference</string>
				<key>name</key>
				<string>src\ofxCvGui\ElementGroup.cpp</string>
				<key>path</key>
				<string>../../../addons\ofxCvGui/src\ofxCvGui\ElementGroup.cpp</string>
				<key>sourceTree</key>
				<string>SOURCE_ROOT</string>
			</dict>
			<key>31545124FF347A6AB03FF1E9</key>
			<dict>
				<key>explicitFileType</key>
				<string>sourcecode.c.h</string>
				<key>fileEncoding</key>
				<string>30</string>
				<key>isa</key>
				<string>PBXFileReference</string>
				<key>name</key>
				<string>src\ofxCvGui\Element.h</string>
				<key>path</key>
				<string>../../../addons\ofxCvGui/src\ofxCvGui\Element.h</string>
				<key>sourceTree</key>
				<string>SOURCE_ROOT</string>
			</dict>
			<key>EDEF2C7A60D04CD803E64CD4</key>
			<dict>
				<key>explicitFileType</key>
				<string>sourcecode.c.h</string>
				<key>fileEncoding</key>
				<string>30</string>
				<key>isa</key>
				<string>PBXFileReference</string>
				<key>name</key>
				<string>src\ofxCvGui\Builder.h</string>
				<key>path</key>
				<string>../../../addons\ofxCvGui/src\ofxCvGui\Builder.h</string>
				<key>sourceTree</key>
				<string>SOURCE_ROOT</string>
			</dict>
			<key>66F8FE1D52FE88AC7956D81C</key>
			<dict>
				<key>fileRef</key>
				<string>A70A8E166A3AE26F5E92E409</string>
				<key>isa</key>
				<string>PBXBuildFile</string>
			</dict>
			<key>A70A8E166A3AE26F5E92E409</key>
			<dict>
				<key>explicitFileType</key>
				<string>sourcecode.cpp.cpp</string>
				<key>fileEncoding</key>
				<string>30</string>
				<key>isa</key>
				<string>PBXFileReference</string>
				<key>name</key>
				<string>src\ofxCvGui\Builder.cpp</string>
				<key>path</key>
				<string>../../../addons\ofxCvGui/src\ofxCvGui\Builder.cpp</string>
				<key>sourceTree</key>
				<string>SOURCE_ROOT</string>
			</dict>
			<key>87902A550B07518F6A9CE1EC</key>
			<dict>
				<key>explicitFileType</key>
				<string>sourcecode.c.h</string>
				<key>fileEncoding</key>
				<string>30</string>
				<key>isa</key>
				<string>PBXFileReference</string>
				<key>name</key>
				<string>src\ofxCvGui.h</string>
				<key>path</key>
				<string>../../../addons\ofxCvGui/src\ofxCvGui.h</string>
				<key>sourceTree</key>
				<string>SOURCE_ROOT</string>
			</dict>
			<key>77834F4A2E9897A535F35BE6</key>
			<dict>
				<key>fileRef</key>
				<string>F2EDE3470B866E9F16875BCE</string>
				<key>isa</key>
				<string>PBXBuildFile</string>
			</dict>
			<key>F2EDE3470B866E9F16875BCE</key>
			<dict>
				<key>explicitFileType</key>
				<string>sourcecode.cpp.cpp</string>
				<key>fileEncoding</key>
				<string>30</string>
				<key>isa</key>
				<string>PBXFileReference</string>
				<key>name</key>
				<string>src\ofxCvGui.cpp</string>
				<key>path</key>
				<string>../../../addons\ofxCvGui/src\ofxCvGui.cpp</string>
				<key>sourceTree</key>
				<string>SOURCE_ROOT</string>
			</dict>
			<key>46575193D15E9311A1720A66</key>
			<dict>
				<key>fileRef</key>
				<string>BF7FB87E7952F92DE13A75EB</string>
				<key>isa</key>
				<string>PBXBuildFile</string>
			</dict>
			<key>BF7FB87E7952F92DE13A75EB</key>
			<dict>
				<key>explicitFileType</key>
				<string>sourcecode.cpp.cpp</string>
				<key>fileEncoding</key>
				<string>30</string>
				<key>isa</key>
				<string>PBXFileReference</string>
				<key>name</key>
				<string>src\ofxAssets.cpp</string>
				<key>path</key>
				<string>../../../addons\ofxAssets/src\ofxAssets.cpp</string>
				<key>sourceTree</key>
				<string>SOURCE_ROOT</string>
			</dict>
			<key>A1DEB81A2206E56041F5AE81</key>
			<dict>
				<key>explicitFileType</key>
				<string>sourcecode.c.h</string>
				<key>fileEncoding</key>
				<string>30</string>
				<key>isa</key>
				<string>PBXFileReference</string>
				<key>name</key>
				<string>src\ofxAssets.h</string>
				<key>path</key>
				<string>../../../addons\ofxAssets/src\ofxAssets.h</string>
				<key>sourceTree</key>
				<string>SOURCE_ROOT</string>
			</dict>
			<key>B2AD926770259F4C697118FD</key>
			<dict>
				<key>fileRef</key>
				<string>0BC8C4FE0158A18092F89F8E</string>
				<key>isa</key>
				<string>PBXBuildFile</string>
			</dict>
			<key>0BC8C4FE0158A18092F89F8E</key>
			<dict>
				<key>explicitFileType</key>
				<string>sourcecode.cpp.cpp</string>
				<key>fileEncoding</key>
				<string>30</string>
				<key>isa</key>
				<string>PBXFileReference</string>
				<key>name</key>
				<string>src\main.cpp</string>
				<key>path</key>
				<string>src\main.cpp</string>
				<key>sourceTree</key>
				<string>SOURCE_ROOT</string>
			</dict>
			<key>A69E3BC437534E0A424AEA6A</key>
			<dict>
				<key>fileRef</key>
				<string>F4EC735D3A6B6E781BEDB7D1</string>
				<key>isa</key>
				<string>PBXBuildFile</string>
			</dict>
			<key>F4EC735D3A6B6E781BEDB7D1</key>
			<dict>
				<key>explicitFileType</key>
				<string>sourcecode.cpp.cpp</string>
				<key>fileEncoding</key>
				<string>30</string>
				<key>isa</key>
				<string>PBXFileReference</string>
				<key>name</key>
				<string>src\ofApp.cpp</string>
				<key>path</key>
				<string>src\ofApp.cpp</string>
				<key>sourceTree</key>
				<string>SOURCE_ROOT</string>
			</dict>
			<key>C5318E5F59AB3E5B76827F50</key>
			<dict>
				<key>explicitFileType</key>
				<string>sourcecode.c.h</string>
				<key>fileEncoding</key>
				<string>30</string>
				<key>isa</key>
				<string>PBXFileReference</string>
				<key>name</key>
				<string>src\ofApp.h</string>
				<key>path</key>
				<string>src\ofApp.h</string>
				<key>sourceTree</key>
				<string>SOURCE_ROOT</string>
			</dict>
			<key>6948EE371B920CB800B5AC1A</key>
			<dict>
				<key>children</key>
				<array />
				<key>isa</key>
				<string>PBXGroup</string>
				<key>name</key>
				<string>local_addons</string>
				<key>sourceTree</key>
				<string>&lt;group&gt;</string>
			</dict>
			<key>8466F1851C04CA0E00918B1C</key>
			<dict>
				<key>buildActionMask</key>
				<string>12</string>
				<key>files</key>
				<array />
				<key>inputPaths</key>
				<array />
				<key>isa</key>
				<string>PBXShellScriptBuildPhase</string>
				<key>outputPaths</key>
				<array />
				<key>runOnlyForDeploymentPostprocessing</key>
				<string>0</string>
				<key>shellPath</key>
				<string>/bin/sh</string>
				<key>shellScript</key>
				<string># ---- Code Sign App Package ----
 
# WARNING: You may have to run Clean in Xcode after changing CODE_SIGN_IDENTITY!

# Verify that $CODE_SIGN_IDENTITY is set
if [ -z "${CODE_SIGN_IDENTITY}" ] ; then
echo "CODE_SIGN_IDENTITY needs to be set for framework code-signing"
exit 0
fi

if [ -z "${CODE_SIGN_ENTITLEMENTS}" ] ; then
echo "CODE_SIGN_ENTITLEMENTS needs to be set for framework code-signing!"

if [ "${CONFIGURATION}" = "Release" ] ; then
exit 1
else
# Code-signing is optional for non-release builds.
exit 0
fi
fi

ITEMS=""

FRAMEWORKS_DIR="${TARGET_BUILD_DIR}/${FRAMEWORKS_FOLDER_PATH}"
echo "$FRAMEWORKS_DIR"
if [ -d "$FRAMEWORKS_DIR" ] ; then
FRAMEWORKS=$(find "${FRAMEWORKS_DIR}" -depth -type d -name "*.framework" -or -name "*.dylib" -or -name "*.bundle" | sed -e "s/\(.*framework\)/\1\/Versions\/A\//")
RESULT=$?
if [[ $RESULT != 0 ]] ; then
exit 1
fi

ITEMS="${FRAMEWORKS}"
fi

LOGINITEMS_DIR="${TARGET_BUILD_DIR}/${CONTENTS_FOLDER_PATH}/Library/LoginItems/"
if [ -d "$LOGINITEMS_DIR" ] ; then
LOGINITEMS=$(find "${LOGINITEMS_DIR}" -depth -type d -name "*.app")
RESULT=$?
if [[ $RESULT != 0 ]] ; then
exit 1
fi

ITEMS="${ITEMS}"$'\n'"${LOGINITEMS}"
fi

# Prefer the expanded name, if available.
CODE_SIGN_IDENTITY_FOR_ITEMS="${EXPANDED_CODE_SIGN_IDENTITY_NAME}"
if [ "${CODE_SIGN_IDENTITY_FOR_ITEMS}" = "" ] ; then
# Fall back to old behavior.
CODE_SIGN_IDENTITY_FOR_ITEMS="${CODE_SIGN_IDENTITY}"
fi

echo "Identity:"
echo "${CODE_SIGN_IDENTITY_FOR_ITEMS}"

echo "Entitlements:"
echo "${CODE_SIGN_ENTITLEMENTS}"

echo "Found:"
echo "${ITEMS}"

# Change the Internal Field Separator (IFS) so that spaces in paths will not cause problems below.
SAVED_IFS=$IFS
IFS=$(echo -en "\n\b")

# Loop through all items.
for ITEM in $ITEMS;
do
echo "Signing '${ITEM}'"
codesign --force --verbose --sign "${CODE_SIGN_IDENTITY_FOR_ITEMS}" --entitlements "${CODE_SIGN_ENTITLEMENTS}" "${ITEM}"
RESULT=$?
if [[ $RESULT != 0 ]] ; then
echo "Failed to sign '${ITEM}'."
IFS=$SAVED_IFS
exit 1
fi
done

# Restore $IFS.
IFS=$SAVED_IFS
</string>
			</dict>
			<key>BB4B014C10F69532006C3DED</key>
			<dict>
				<key>children</key>
				<array />
				<key>isa</key>
				<string>PBXGroup</string>
				<key>name</key>
				<string>addons</string>
				<key>sourceTree</key>
				<string>&lt;group&gt;</string>
			</dict>
			<key>E4328143138ABC890047C5CB</key>
			<dict>
				<key>isa</key>
				<string>PBXFileReference</string>
				<key>lastKnownFileType</key>
				<string>wrapper.pb-project</string>
				<key>name</key>
				<string>openFrameworksLib.xcodeproj</string>
				<key>path</key>
				<string>../../../libs/openFrameworksCompiled/project/osx/openFrameworksLib.xcodeproj</string>
				<key>sourceTree</key>
				<string>SOURCE_ROOT</string>
			</dict>
			<key>E4328144138ABC890047C5CB</key>
			<dict>
				<key>children</key>
				<array>
					<string>E4328148138ABC890047C5CB</string>
				</array>
				<key>isa</key>
				<string>PBXGroup</string>
				<key>name</key>
				<string>Products</string>
				<key>sourceTree</key>
				<string>&lt;group&gt;</string>
			</dict>
			<key>E4328147138ABC890047C5CB</key>
			<dict>
				<key>containerPortal</key>
				<string>E4328143138ABC890047C5CB</string>
				<key>isa</key>
				<string>PBXContainerItemProxy</string>
				<key>proxyType</key>
				<string>2</string>
				<key>remoteGlobalIDString</key>
				<string>E4B27C1510CBEB8E00536013</string>
				<key>remoteInfo</key>
				<string>openFrameworks</string>
			</dict>
			<key>E4328148138ABC890047C5CB</key>
			<dict>
				<key>fileType</key>
				<string>archive.ar</string>
				<key>isa</key>
				<string>PBXReferenceProxy</string>
				<key>path</key>
				<string>openFrameworksDebug.a</string>
				<key>remoteRef</key>
				<string>E4328147138ABC890047C5CB</string>
				<key>sourceTree</key>
				<string>BUILT_PRODUCTS_DIR</string>
			</dict>
			<key>E4328149138ABC9F0047C5CB</key>
			<dict>
				<key>fileRef</key>
				<string>E4328148138ABC890047C5CB</string>
				<key>isa</key>
				<string>PBXBuildFile</string>
			</dict>
			<key>E4B69B4A0A3A1720003C02F2</key>
			<dict>
				<key>children</key>
				<array>
					<string>E4B6FCAD0C3E899E008CF71C</string>
					<string>E4EB6923138AFD0F00A09F29</string>
					<string>E4B69E1C0A3A1BDC003C02F2</string>
					<string>E4EEC9E9138DF44700A80321</string>
					<string>BB4B014C10F69532006C3DED</string>
					<string>6948EE371B920CB800B5AC1A</string>
					<string>E4B69B5B0A3A1756003C02F2</string>
				</array>
				<key>isa</key>
				<string>PBXGroup</string>
				<key>sourceTree</key>
				<string>&lt;group&gt;</string>
			</dict>
			<key>E4B69B4C0A3A1720003C02F2</key>
			<dict>
				<key>attributes</key>
				<dict>
					<key>LastUpgradeCheck</key>
					<string>0600</string>
				</dict>
				<key>buildConfigurationList</key>
				<string>E4B69B4D0A3A1720003C02F2</string>
				<key>compatibilityVersion</key>
				<string>Xcode 3.2</string>
				<key>developmentRegion</key>
				<string>English</string>
				<key>hasScannedForEncodings</key>
				<string>0</string>
				<key>isa</key>
				<string>PBXProject</string>
				<key>knownRegions</key>
				<array>
					<string>English</string>
					<string>Japanese</string>
					<string>French</string>
					<string>German</string>
				</array>
				<key>mainGroup</key>
				<string>E4B69B4A0A3A1720003C02F2</string>
				<key>productRefGroup</key>
				<string>E4B69B4A0A3A1720003C02F2</string>
				<key>projectDirPath</key>
				<string />
				<key>projectReferences</key>
				<array>
					<dict>
						<key>ProductGroup</key>
						<string>E4328144138ABC890047C5CB</string>
						<key>ProjectRef</key>
						<string>E4328143138ABC890047C5CB</string>
					</dict>
				</array>
				<key>projectRoot</key>
				<string />
				<key>targets</key>
				<array>
					<string>E4B69B5A0A3A1756003C02F2</string>
				</array>
			</dict>
			<key>E4B69B4D0A3A1720003C02F2</key>
			<dict>
				<key>buildConfigurations</key>
				<array>
					<string>E4B69B4E0A3A1720003C02F2</string>
					<string>E4B69B4F0A3A1720003C02F2</string>
				</array>
				<key>defaultConfigurationIsVisible</key>
				<string>0</string>
				<key>defaultConfigurationName</key>
				<string>Release</string>
				<key>isa</key>
				<string>XCConfigurationList</string>
			</dict>
			<key>E4B69B4E0A3A1720003C02F2</key>
			<dict>
				<key>baseConfigurationReference</key>
				<string>E4EB6923138AFD0F00A09F29</string>
				<key>buildSettings</key>
				<dict>
					<key>HEADER_SEARCH_PATHS</key>
					<array>
						<string>$(OF_CORE_HEADERS)</string>
						<string>src</string>
						<string>../../../addons\ofxAssets/src</string>
						<string>../../../addons\ofxCvGui/src</string>
						<string>../../../addons\ofxCvGui/src\ofxCvGui</string>
						<string>../../../addons\ofxCvGui/src\ofxCvGui\Panels</string>
						<string>../../../addons\ofxCvGui/src\ofxCvGui\Panels\Groups</string>
						<string>../../../addons\ofxCvGui/src\ofxCvGui\Utils</string>
						<string>../../../addons\ofxCvGui/src\ofxCvGui\Widgets</string>
						<string>../../../addons\ofxGrabCam/src</string>
						<string>../../../addons\ofxLiquidEvent/src</string>
						<string>../../../addons\ofxTextInputField/src</string>
						<string>../../../addons\ofxSingleton/src</string>
						<string>../../../addons\ofxSingleton/src\ofxSingleton</string>
					</array>
					<key>CONFIGURATION_BUILD_DIR</key>
					<string>$(SRCROOT)/bin/</string>
					<key>COPY_PHASE_STRIP</key>
					<string>NO</string>
					<key>DEAD_CODE_STRIPPING</key>
					<string>YES</string>
					<key>GCC_AUTO_VECTORIZATION</key>
					<string>YES</string>
					<key>GCC_ENABLE_SSE3_EXTENSIONS</key>
					<string>YES</string>
					<key>GCC_ENABLE_SUPPLEMENTAL_SSE3_INSTRUCTIONS</key>
					<string>YES</string>
					<key>GCC_INLINES_ARE_PRIVATE_EXTERN</key>
					<string>NO</string>
					<key>GCC_OPTIMIZATION_LEVEL</key>
					<string>0</string>
					<key>GCC_SYMBOLS_PRIVATE_EXTERN</key>
					<string>NO</string>
					<key>GCC_WARN_ABOUT_DEPRECATED_FUNCTIONS</key>
					<string>YES</string>
					<key>GCC_WARN_ABOUT_INVALID_OFFSETOF_MACRO</key>
					<string>NO</string>
					<key>GCC_WARN_ALLOW_INCOMPLETE_PROTOCOL</key>
					<string>NO</string>
					<key>GCC_WARN_UNINITIALIZED_AUTOS</key>
					<string>NO</string>
					<key>GCC_WARN_UNUSED_VALUE</key>
					<string>NO</string>
					<key>GCC_WARN_UNUSED_VARIABLE</key>
					<string>NO</string>
					<key>MACOSX_DEPLOYMENT_TARGET</key>
					<string>10.8</string>
					<key>ONLY_ACTIVE_ARCH</key>
					<string>YES</string>
					<key>OTHER_CPLUSPLUSFLAGS</key>
					<array>
						<string>-D__MACOSX_CORE__</string>
						<string>-mtune=native</string>
					</array>
					<key>SDKROOT</key>
					<string>macosx</string>
				</dict>
				<key>isa</key>
				<string>XCBuildConfiguration</string>
				<key>name</key>
				<string>Debug</string>
			</dict>
			<key>E4B69B4F0A3A1720003C02F2</key>
			<dict>
				<key>baseConfigurationReference</key>
				<string>E4EB6923138AFD0F00A09F29</string>
				<key>buildSettings</key>
				<dict>
					<key>HEADER_SEARCH_PATHS</key>
					<array>
						<string>$(OF_CORE_HEADERS)</string>
						<string>src</string>
						<string>../../../addons\ofxAssets/src</string>
						<string>../../../addons\ofxCvGui/src</string>
						<string>../../../addons\ofxCvGui/src\ofxCvGui</string>
						<string>../../../addons\ofxCvGui/src\ofxCvGui\Panels</string>
						<string>../../../addons\ofxCvGui/src\ofxCvGui\Panels\Groups</string>
						<string>../../../addons\ofxCvGui/src\ofxCvGui\Utils</string>
						<string>../../../addons\ofxCvGui/src\ofxCvGui\Widgets</string>
						<string>../../../addons\ofxGrabCam/src</string>
						<string>../../../addons\ofxLiquidEvent/src</string>
						<string>../../../addons\ofxTextInputField/src</string>
						<string>../../../addons\ofxSingleton/src</string>
						<string>../../../addons\ofxSingleton/src\ofxSingleton</string>
					</array>
					<key>CONFIGURATION_BUILD_DIR</key>
					<string>$(SRCROOT)/bin/</string>
					<key>COPY_PHASE_STRIP</key>
					<string>YES</string>
					<key>DEAD_CODE_STRIPPING</key>
					<string>YES</string>
					<key>GCC_AUTO_VECTORIZATION</key>
					<string>YES</string>
					<key>GCC_ENABLE_SSE3_EXTENSIONS</key>
					<string>YES</string>
					<key>GCC_ENABLE_SUPPLEMENTAL_SSE3_INSTRUCTIONS</key>
					<string>YES</string>
					<key>GCC_INLINES_ARE_PRIVATE_EXTERN</key>
					<string>NO</string>
					<key>GCC_OPTIMIZATION_LEVEL</key>
					<string>3</string>
					<key>GCC_SYMBOLS_PRIVATE_EXTERN</key>
					<string>NO</string>
					<key>GCC_UNROLL_LOOPS</key>
					<string>YES</string>
					<key>GCC_WARN_ABOUT_DEPRECATED_FUNCTIONS</key>
					<string>YES</string>
					<key>GCC_WARN_ABOUT_INVALID_OFFSETOF_MACRO</key>
					<string>NO</string>
					<key>GCC_WARN_ALLOW_INCOMPLETE_PROTOCOL</key>
					<string>NO</string>
					<key>GCC_WARN_UNINITIALIZED_AUTOS</key>
					<string>NO</string>
					<key>GCC_WARN_UNUSED_VALUE</key>
					<string>NO</string>
					<key>GCC_WARN_UNUSED_VARIABLE</key>
					<string>NO</string>
					<key>MACOSX_DEPLOYMENT_TARGET</key>
					<string>10.8</string>
					<key>OTHER_CPLUSPLUSFLAGS</key>
					<array>
						<string>-D__MACOSX_CORE__</string>
						<string>-mtune=native</string>
					</array>
					<key>SDKROOT</key>
					<string>macosx</string>
				</dict>
				<key>isa</key>
				<string>XCBuildConfiguration</string>
				<key>name</key>
				<string>Release</string>
			</dict>
			<key>E4B69B580A3A1756003C02F2</key>
			<dict>
				<key>buildActionMask</key>
				<string>2147483647</string>
				<key>files</key>
				<array>
					<string>E4B69E200A3A1BDC003C02F2</string>
					<string>E4B69E210A3A1BDC003C02F2</string>
					<string>A69E3BC437534E0A424AEA6A</string>
					<string>B2AD926770259F4C697118FD</string>
					<string>46575193D15E9311A1720A66</string>
					<string>77834F4A2E9897A535F35BE6</string>
					<string>66F8FE1D52FE88AC7956D81C</string>
					<string>76FBB30BBEDBD0A0089C003F</string>
					<string>4D82FDCE8CEF761739696896</string>
					<string>CB4EEA93AD4E7D619C6B8018</string>
					<string>5A7FCE090EB90F8EBC379D13</string>
					<string>C18ECBC235B9971C4AC21866</string>
					<string>4F60CAA3D81AC2805F24F941</string>
					<string>7581C332588AC467DAF32183</string>
					<string>528D95B2AE6A657489199516</string>
					<string>3D52615530B6ABF593EBBD81</string>
					<string>E14F505F7C2A32E5967BB8C2</string>
					<string>C8BAD8D3E3AEB4903CDB2C32</string>
					<string>D3D467E32D08A4D85268AFB2</string>
					<string>69BC6AE309A8F910AFD9C512</string>
					<string>CE4A6D5FEA66F2D5D2C7EC2B</string>
					<string>7C0A11721BD4F80635CB2D74</string>
					<string>6A94DC0F60123EA29C59C3DD</string>
					<string>B8FDE2D8E224805BCEDF236F</string>
					<string>D4E7DF8B70B4E3A2D594E33A</string>
					<string>148D675D138DD279E04F88B9</string>
					<string>97D3231C6BB062F4EFE60AA1</string>
					<string>47295BECDDA2BD0B0083D7F2</string>
					<string>0E0316321FDDFF7B3545A8BA</string>
					<string>AE8B2C1EF89BA090D86CAF48</string>
					<string>9EF7A9D3A1277AD65968BE15</string>
					<string>60B497E8EE9208E1E679DCE5</string>
					<string>FE2E114C4AAAF0DA79E26508</string>
					<string>AB7B8ED0C79DC3CB492CA9AD</string>
					<string>2EE899F4F838657D077B40D8</string>
					<string>159DCBE475BBCA018E2714FE</string>
					<string>6C78CFEFDE84342B24C8F24C</string>
					<string>F6AF714D806D8E02EA0674FB</string>
					<string>BB870CD15E4808CC843A89EC</string>
					<string>D824FCA2B74F3C66AFF66B04</string>
					<string>B2E77B8FBC0A46A2E0F6151A</string>
					<string>81ECEDE716E5005CB4D74341</string>
					<string>3CBF4DE1D9AE7433949D382B</string>
					<string>5732F2596A1062C49E8B662A</string>
					<string>145FD142AC5435611FA64D21</string>
				</array>
				<key>isa</key>
				<string>PBXSourcesBuildPhase</string>
				<key>runOnlyForDeploymentPostprocessing</key>
				<string>0</string>
			</dict>
			<key>E4B69B590A3A1756003C02F2</key>
			<dict>
				<key>buildActionMask</key>
				<string>2147483647</string>
				<key>files</key>
				<array>
					<string>E4328149138ABC9F0047C5CB</string>
				</array>
				<key>isa</key>
				<string>PBXFrameworksBuildPhase</string>
				<key>runOnlyForDeploymentPostprocessing</key>
				<string>0</string>
			</dict>
			<key>E4B69B5A0A3A1756003C02F2</key>
			<dict>
				<key>buildConfigurationList</key>
				<string>E4B69B5F0A3A1757003C02F2</string>
				<key>buildPhases</key>
				<array>
					<string>E4B69B580A3A1756003C02F2</string>
					<string>E4B69B590A3A1756003C02F2</string>
					<string>E4B6FFFD0C3F9AB9008CF71C</string>
					<string>E4C2427710CC5ABF004149E2</string>
					<string>8466F1851C04CA0E00918B1C</string>
				</array>
				<key>buildRules</key>
				<array />
				<key>dependencies</key>
				<array>
					<string>E4EEB9AC138B136A00A80321</string>
				</array>
				<key>isa</key>
				<string>PBXNativeTarget</string>
				<key>name</key>
				<string>02_ofxCvGui</string>
				<key>productName</key>
				<string>myOFApp</string>
				<key>productReference</key>
				<string>E4B69B5B0A3A1756003C02F2</string>
				<key>productType</key>
				<string>com.apple.product-type.application</string>
			</dict>
			<key>E4B69B5B0A3A1756003C02F2</key>
			<dict>
				<key>explicitFileType</key>
				<string>wrapper.application</string>
				<key>includeInIndex</key>
				<string>0</string>
				<key>isa</key>
				<string>PBXFileReference</string>
				<key>path</key>
				<string>02_ofxCvGuiDebug.app</string>
				<key>sourceTree</key>
				<string>BUILT_PRODUCTS_DIR</string>
			</dict>
			<key>E4B69B5F0A3A1757003C02F2</key>
			<dict>
				<key>buildConfigurations</key>
				<array>
					<string>E4B69B600A3A1757003C02F2</string>
					<string>E4B69B610A3A1757003C02F2</string>
				</array>
				<key>defaultConfigurationIsVisible</key>
				<string>0</string>
				<key>defaultConfigurationName</key>
				<string>Release</string>
				<key>isa</key>
				<string>XCConfigurationList</string>
			</dict>
			<key>E4B69B600A3A1757003C02F2</key>
			<dict>
				<key>baseConfigurationReference</key>
				<string>E4EB6923138AFD0F00A09F29</string>
				<key>buildSettings</key>
				<dict>
					<key>HEADER_SEARCH_PATHS</key>
					<array>
						<string>$(OF_CORE_HEADERS)</string>
						<string>src</string>
						<string>../../../addons\ofxAssets/src</string>
						<string>../../../addons\ofxCvGui/src</string>
						<string>../../../addons\ofxCvGui/src\ofxCvGui</string>
						<string>../../../addons\ofxCvGui/src\ofxCvGui\Panels</string>
						<string>../../../addons\ofxCvGui/src\ofxCvGui\Panels\Groups</string>
						<string>../../../addons\ofxCvGui/src\ofxCvGui\Utils</string>
						<string>../../../addons\ofxCvGui/src\ofxCvGui\Widgets</string>
						<string>../../../addons\ofxGrabCam/src</string>
						<string>../../../addons\ofxLiquidEvent/src</string>
						<string>../../../addons\ofxTextInputField/src</string>
						<string>../../../addons\ofxSingleton/src</string>
						<string>../../../addons\ofxSingleton/src\ofxSingleton</string>
					</array>
					<key>COMBINE_HIDPI_IMAGES</key>
					<string>YES</string>
					<key>COPY_PHASE_STRIP</key>
					<string>NO</string>
					<key>FRAMEWORK_SEARCH_PATHS</key>
					<array>
						<string>$(inherited)</string>
						<string>$(FRAMEWORK_SEARCH_PATHS_QUOTED_FOR_TARGET_1)</string>
					</array>
					<key>FRAMEWORK_SEARCH_PATHS_QUOTED_FOR_TARGET_1</key>
					<string>"$(SRCROOT)/../../../libs/glut/lib/osx"</string>
					<key>GCC_DYNAMIC_NO_PIC</key>
					<string>NO</string>
					<key>GCC_GENERATE_DEBUGGING_SYMBOLS</key>
					<string>YES</string>
					<key>GCC_MODEL_TUNING</key>
					<string>NONE</string>
					<key>ICON</key>
					<string>$(ICON_NAME_DEBUG)</string>
					<key>ICON_FILE</key>
					<string>$(ICON_FILE_PATH)$(ICON)</string>
					<key>INFOPLIST_FILE</key>
					<string>openFrameworks-Info.plist</string>
					<key>INSTALL_PATH</key>
					<string>/Applications</string>
					<key>LIBRARY_SEARCH_PATHS</key>
					<string>$(inherited)</string>
					<key>PRODUCT_NAME</key>
					<string>$(TARGET_NAME)Debug</string>
					<key>WRAPPER_EXTENSION</key>
					<string>app</string>
				</dict>
				<key>isa</key>
				<string>XCBuildConfiguration</string>
				<key>name</key>
				<string>Debug</string>
			</dict>
			<key>E4B69B610A3A1757003C02F2</key>
			<dict>
				<key>baseConfigurationReference</key>
				<string>E4EB6923138AFD0F00A09F29</string>
				<key>buildSettings</key>
				<dict>
					<key>HEADER_SEARCH_PATHS</key>
					<array>
						<string>$(OF_CORE_HEADERS)</string>
						<string>src</string>
						<string>../../../addons\ofxAssets/src</string>
						<string>../../../addons\ofxCvGui/src</string>
						<string>../../../addons\ofxCvGui/src\ofxCvGui</string>
						<string>../../../addons\ofxCvGui/src\ofxCvGui\Panels</string>
						<string>../../../addons\ofxCvGui/src\ofxCvGui\Panels\Groups</string>
						<string>../../../addons\ofxCvGui/src\ofxCvGui\Utils</string>
						<string>../../../addons\ofxCvGui/src\ofxCvGui\Widgets</string>
						<string>../../../addons\ofxGrabCam/src</string>
						<string>../../../addons\ofxLiquidEvent/src</string>
						<string>../../../addons\ofxTextInputField/src</string>
						<string>../../../addons\ofxSingleton/src</string>
						<string>../../../addons\ofxSingleton/src\ofxSingleton</string>
					</array>
					<key>COMBINE_HIDPI_IMAGES</key>
					<string>YES</string>
					<key>COPY_PHASE_STRIP</key>
					<string>YES</string>
					<key>FRAMEWORK_SEARCH_PATHS</key>
					<array>
						<string>$(inherited)</string>
						<string>$(FRAMEWORK_SEARCH_PATHS_QUOTED_FOR_TARGET_1)</string>
					</array>
					<key>FRAMEWORK_SEARCH_PATHS_QUOTED_FOR_TARGET_1</key>
					<string>"$(SRCROOT)/../../../libs/glut/lib/osx"</string>
					<key>GCC_GENERATE_DEBUGGING_SYMBOLS</key>
					<string>YES</string>
					<key>GCC_MODEL_TUNING</key>
					<string>NONE</string>
					<key>ICON</key>
					<string>$(ICON_NAME_RELEASE)</string>
					<key>ICON_FILE</key>
					<string>$(ICON_FILE_PATH)$(ICON)</string>
					<key>INFOPLIST_FILE</key>
					<string>openFrameworks-Info.plist</string>
					<key>INSTALL_PATH</key>
					<string>/Applications</string>
					<key>LIBRARY_SEARCH_PATHS</key>
					<string>$(inherited)</string>
					<key>PRODUCT_NAME</key>
					<string>$(TARGET_NAME)</string>
					<key>WRAPPER_EXTENSION</key>
					<string>app</string>
					<key>baseConfigurationReference</key>
					<string>E4EB6923138AFD0F00A09F29</string>
				</dict>
				<key>isa</key>
				<string>XCBuildConfiguration</string>
				<key>name</key>
				<string>Release</string>
			</dict>
			<key>E4B69E1C0A3A1BDC003C02F2</key>
			<dict>
				<key>children</key>
				<array>
					<string>E4B69E1D0A3A1BDC003C02F2</string>
					<string>E4B69E1E0A3A1BDC003C02F2</string>
					<string>E4B69E1F0A3A1BDC003C02F2</string>
					<string>C5318E5F59AB3E5B76827F50</string>
					<string>F4EC735D3A6B6E781BEDB7D1</string>
					<string>0BC8C4FE0158A18092F89F8E</string>
				</array>
				<key>isa</key>
				<string>PBXGroup</string>
				<key>path</key>
				<string>src</string>
				<key>sourceTree</key>
				<string>SOURCE_ROOT</string>
			</dict>
			<key>E4B69E1D0A3A1BDC003C02F2</key>
			<dict>
				<key>fileEncoding</key>
				<string>30</string>
				<key>isa</key>
				<string>PBXFileReference</string>
				<key>lastKnownFileType</key>
				<string>sourcecode.cpp.cpp</string>
				<key>name</key>
				<string>main.cpp</string>
				<key>path</key>
				<string>src/main.cpp</string>
				<key>sourceTree</key>
				<string>SOURCE_ROOT</string>
			</dict>
			<key>E4B69E1E0A3A1BDC003C02F2</key>
			<dict>
				<key>explicitFileType</key>
				<string>sourcecode.cpp.cpp</string>
				<key>fileEncoding</key>
				<string>30</string>
				<key>isa</key>
				<string>PBXFileReference</string>
				<key>name</key>
				<string>ofApp.cpp</string>
				<key>path</key>
				<string>src/ofApp.cpp</string>
				<key>sourceTree</key>
				<string>SOURCE_ROOT</string>
			</dict>
			<key>E4B69E1F0A3A1BDC003C02F2</key>
			<dict>
				<key>fileEncoding</key>
				<string>30</string>
				<key>isa</key>
				<string>PBXFileReference</string>
				<key>lastKnownFileType</key>
				<string>sourcecode.c.h</string>
				<key>name</key>
				<string>ofApp.h</string>
				<key>path</key>
				<string>src/ofApp.h</string>
				<key>sourceTree</key>
				<string>SOURCE_ROOT</string>
			</dict>
			<key>E4B69E200A3A1BDC003C02F2</key>
			<dict>
				<key>fileRef</key>
				<string>E4B69E1D0A3A1BDC003C02F2</string>
				<key>isa</key>
				<string>PBXBuildFile</string>
			</dict>
			<key>E4B69E210A3A1BDC003C02F2</key>
			<dict>
				<key>fileRef</key>
				<string>E4B69E1E0A3A1BDC003C02F2</string>
				<key>isa</key>
				<string>PBXBuildFile</string>
			</dict>
			<key>E4B6FCAD0C3E899E008CF71C</key>
			<dict>
				<key>fileEncoding</key>
				<string>30</string>
				<key>isa</key>
				<string>PBXFileReference</string>
				<key>lastKnownFileType</key>
				<string>text.plist.xml</string>
				<key>path</key>
				<string>openFrameworks-Info.plist</string>
				<key>sourceTree</key>
				<string>&lt;group&gt;</string>
			</dict>
			<key>E4B6FFFD0C3F9AB9008CF71C</key>
			<dict>
				<key>buildActionMask</key>
				<string>2147483647</string>
				<key>files</key>
				<array />
				<key>inputPaths</key>
				<array />
				<key>isa</key>
				<string>PBXShellScriptBuildPhase</string>
				<key>outputPaths</key>
				<array />
				<key>runOnlyForDeploymentPostprocessing</key>
				<string>0</string>
				<key>shellPath</key>
				<string>/bin/sh</string>
				<key>shellScript</key>
				<string>mkdir -p "$TARGET_BUILD_DIR/$PRODUCT_NAME.app/Contents/Resources/"
# Copy default icon file into App/Resources
rsync -aved "$ICON_FILE" "$TARGET_BUILD_DIR/$PRODUCT_NAME.app/Contents/Resources/"
# Copy bin/data into App/Resources
rsync -avz --exclude='.DS_Store' "${SRCROOT}/bin/data/" "${TARGET_BUILD_DIR}/${UNLOCALIZED_RESOURCES_FOLDER_PATH}/data/"
# Copy libfmod and change install directory for fmod to run
rsync -aved ../../../libs/fmodex/lib/osx/libfmodex.dylib "$TARGET_BUILD_DIR/$PRODUCT_NAME.app/Contents/Frameworks/";
install_name_tool -change @executable_path/libfmodex.dylib @executable_path/../Frameworks/libfmodex.dylib "$TARGET_BUILD_DIR/$PRODUCT_NAME.app/Contents/MacOS/$PRODUCT_NAME";
# Copy GLUT framework (must remove for AppStore submissions)
rsync -aved ../../../libs/glut/lib/osx/GLUT.framework "$TARGET_BUILD_DIR/$PRODUCT_NAME.app/Contents/Frameworks/"
</string>
			</dict>
			<key>E4C2427710CC5ABF004149E2</key>
			<dict>
				<key>buildActionMask</key>
				<string>2147483647</string>
				<key>dstPath</key>
				<string />
				<key>dstSubfolderSpec</key>
				<string>10</string>
				<key>files</key>
				<array />
				<key>isa</key>
				<string>PBXCopyFilesBuildPhase</string>
				<key>runOnlyForDeploymentPostprocessing</key>
				<string>0</string>
			</dict>
			<key>E4EB691F138AFCF100A09F29</key>
			<dict>
				<key>fileEncoding</key>
				<string>4</string>
				<key>isa</key>
				<string>PBXFileReference</string>
				<key>lastKnownFileType</key>
				<string>text.xcconfig</string>
				<key>name</key>
				<string>CoreOF.xcconfig</string>
				<key>path</key>
				<string>../../../libs/openFrameworksCompiled/project/osx/CoreOF.xcconfig</string>
				<key>sourceTree</key>
				<string>SOURCE_ROOT</string>
			</dict>
			<key>E4EB6923138AFD0F00A09F29</key>
			<dict>
				<key>fileEncoding</key>
				<string>4</string>
				<key>isa</key>
				<string>PBXFileReference</string>
				<key>lastKnownFileType</key>
				<string>text.xcconfig</string>
				<key>path</key>
				<string>Project.xcconfig</string>
				<key>sourceTree</key>
				<string>&lt;group&gt;</string>
			</dict>
			<key>E4EEB9AB138B136A00A80321</key>
			<dict>
				<key>containerPortal</key>
				<string>E4328143138ABC890047C5CB</string>
				<key>isa</key>
				<string>PBXContainerItemProxy</string>
				<key>proxyType</key>
				<string>1</string>
				<key>remoteGlobalIDString</key>
				<string>E4B27C1410CBEB8E00536013</string>
				<key>remoteInfo</key>
				<string>openFrameworks</string>
			</dict>
			<key>E4EEB9AC138B136A00A80321</key>
			<dict>
				<key>isa</key>
				<string>PBXTargetDependency</string>
				<key>name</key>
				<string>openFrameworks</string>
				<key>targetProxy</key>
				<string>E4EEB9AB138B136A00A80321</string>
			</dict>
			<key>E4EEC9E9138DF44700A80321</key>
			<dict>
				<key>children</key>
				<array>
					<string>E4EB691F138AFCF100A09F29</string>
					<string>E4328143138ABC890047C5CB</string>
				</array>
				<key>isa</key>
				<string>PBXGroup</string>
				<key>name</key>
				<string>openFrameworks</string>
				<key>sourceTree</key>
				<string>&lt;group&gt;</string>
			</dict>
		</dict>
		<key>rootObject</key>
		<string>E4B69B4C0A3A1720003C02F2</string>
	</dict>
</plist>
